
Microsoft Visual Studio Solution File, Format Version 12.00
# Visual Studio Version 16
VisualStudioVersion = 16.0.32413.511
MinimumVisualStudioVersion = 10.0.40219.1
Project("{8BC9CEB8-8B4A-11D0-8D11-00A0C91BC942}") = "2022_final_project_blackjack", "2022_final_project_blackjack\2022_final_project_blackjack.vcxproj", "{09AD7462-9775-4222-9F06-CACD3106F126}"
EndProject
Global
	GlobalSection(SolutionConfigurationPlatforms) = preSolution
		Debug|x64 = Debug|x64
		Debug|x86 = Debug|x86
		Release|x64 = Release|x64
		Release|x86 = Release|x86
	EndGlobalSection
	GlobalSection(ProjectConfigurationPlatforms) = postSolution
		{09AD7462-9775-4222-9F06-CACD3106F126}.Debug|x64.ActiveCfg = Debug|x64
		{09AD7462-9775-4222-9F06-CACD3106F126}.Debug|x64.Build.0 = Debug|x64
		{09AD7462-9775-4222-9F06-CACD3106F126}.Debug|x86.ActiveCfg = Debug|Win32
		{09AD7462-9775-4222-9F06-CACD3106F126}.Debug|x86.Build.0 = Debug|Win32
		{09AD7462-9775-4222-9F06-CACD3106F126}.Release|x64.ActiveCfg = Release|x64
		{09AD7462-9775-4222-9F06-CACD3106F126}.Release|x64.Build.0 = Release|x64
		{09AD7462-9775-4222-9F06-CACD3106F126}.Release|x86.ActiveCfg = Release|Win32
		{09AD7462-9775-4222-9F06-CACD3106F126}.Release|x86.Build.0 = Release|Win32
	EndGlobalSection
	GlobalSection(SolutionProperties) = preSolution
		HideSolutionNode = FALSE
	EndGlobalSection
	GlobalSection(ExtensibilityGlobals) = postSolution
		SolutionGuid = {F95600AF-FDEC-4F82-9972-3F0784489BDE}
	EndGlobalSection
EndGlobal
